{
    "_meta": {
        "hash": {
            "sha256": "bf7a1ccf77e22af7987ea3d8d0eee45308553c2a09bb5d383db82a907056549a"
        },
        "pipfile-spec": 6,
        "requires": {
            "python_version": "3.8"
        },
        "sources": [
            {
                "name": "pypi",
                "url": "https://pypi.org/simple",
                "verify_ssl": true
            }
        ]
    },
    "default": {
        "aiokafka": {
            "hashes": [
                "sha256:16731e8aa0fc70dc35c31041599c9a5237dd5d2c1a4d04af58f30a942191a281",
                "sha256:1a9b6ecb606062b3595bc5104b85b42b62621a86d179b75d708279041152f461",
                "sha256:34eda0b6eb794c36f4100be772f3b120a3c00daaf342f593f32994a762aed7e8",
                "sha256:383cc7d45b47676fea60dbedee747c5c08dde5c10b1be0afc6598fb21a7891b4",
                "sha256:3b1f1e9ad66883ed809d737d57edfb13f1aeb9b08c6fd6b71afefce712c13dad",
                "sha256:5371bd663f545ced555775e7e49f39a54b243435098a9699582bb3b32884e332",
                "sha256:594d2a29875f78d56251141ff95a982c5be64844dc9ae619c285f36c57a08c6e",
                "sha256:6116b68ca975caafd7efd338ffdaec63789e1c334af6174e20edc1d16d14e463",
                "sha256:7d56627c3250ba2359dfa90f2c8a3ab995795e0116038905b2f8a608cd1fd606",
                "sha256:7fe02a3868236d84356d5fa7c7625ed3a27e52699477c5ee8bd5dc9b5adb592f",
                "sha256:a3bfe4ad7d3829a98c8391a9a28f179b47df4f66e26ea5b1c665f872b6e21809",
                "sha256:a8fc41d18731d8879483aecb93ae7ebf5457f63daf4c8923ddc046792c2c3096",
                "sha256:b1958277eaa702509591c0674790a8c9aced8fef7723dafae0f9aec6d2da71a5",
                "sha256:b19f077e12fe23e359f7a7dca9baf8532c63f4c8149703ce4c56de372d17e26c",
                "sha256:be43d7ddd700d501a6f4c59c859baa9888c2d086b69882f542951bae41234f6a",
                "sha256:c96824cef1a480fd2ab4bbd9e9aa737c9191211bab5f7787ef401926d5fda95d",
                "sha256:cda55f5cfb19ea7d2f55a51d320a57312f152dab3e333fa1fbfcdde7a9e25a53",
                "sha256:ce23baeaacf501f619967067d2c0d4c2b2b761012f9f9c8a49593e96c7550aff",
                "sha256:d801bb2f5a4ae726a433ae74a5d34e7e0d44128de53c9c7eea5cb4cdaaf80175",
                "sha256:e6e78206e5d031e6644d3a46153a146d2d2afff4cf9da9a81edb9f8714114b62",
                "sha256:ebbb258840f134bad0e6ca8681a87cd292a1f4ed7253a821c16b4e9f2610a04a"
            ],
            "index": "pypi",
            "version": "==0.7.2"
        },
        "kafka-python": {
            "hashes": [
                "sha256:04dfe7fea2b63726cd6f3e79a2d86e709d608d74406638c5da33a01d45a9d7e3",
                "sha256:2d92418c7cb1c298fa6c7f0fb3519b520d0d7526ac6cb7ae2a4fc65a51a94b6e"
            ],
            "index": "pypi",
            "version": "==2.0.2"
        },
        "kafka-python3": {
            "hashes": [
                "sha256:01b911bb5402a7c4f9af3ea382bb060e9aa487b5dec249cf5e798c6e9822a62f"
            ],
            "index": "pypi",
            "version": "==3.0.0"
        },
        "pyaes": {
            "hashes": [
                "sha256:02c1b1405c38d3c370b085fb952dd8bea3fadcee6411ad99f312cc129c536d8f"
            ],
            "version": "==1.6.1"
        },
        "pyasn1": {
            "hashes": [
                "sha256:014c0e9976956a08139dc0712ae195324a75e142284d5f87f1a87ee1b068a359",
                "sha256:03840c999ba71680a131cfaee6fab142e1ed9bbd9c693e285cc6aca0d555e576",
                "sha256:0458773cfe65b153891ac249bcf1b5f8f320b7c2ce462151f8fa74de8934becf",
                "sha256:08c3c53b75eaa48d71cf8c710312316392ed40899cb34710d092e96745a358b7",
                "sha256:39c7e2ec30515947ff4e87fb6f456dfc6e84857d34be479c9d4a4ba4bf46aa5d",
                "sha256:5c9414dcfede6e441f7e8f81b43b34e834731003427e5b09e4e00e3172a10f00",
                "sha256:6e7545f1a61025a4e58bb336952c5061697da694db1cae97b116e9c46abcf7c8",
                "sha256:78fa6da68ed2727915c4767bb386ab32cdba863caa7dbe473eaae45f9959da86",
                "sha256:7ab8a544af125fb704feadb008c99a88805126fb525280b2270bb25cc1d78a12",
                "sha256:99fcc3c8d804d1bc6d9a099921e39d827026409a58f2a720dcdb89374ea0c776",
                "sha256:aef77c9fb94a3ac588e87841208bdec464471d9871bd5050a287cc9a475cd0ba",
                "sha256:e89bf84b5437b532b0803ba5c9a5e054d21fec423a89952a74f87fa2c9b7bce2",
                "sha256:fec3e9d8e36808a28efb59b489e4528c10ad0f480e57dcc32b4de5c9d8c9fdf3"
            ],
            "version": "==0.4.8"
        },
        "python-dotenv": {
            "hashes": [
                "sha256:b7e3b04a59693c42c36f9ab1cc2acc46fa5df8c78e178fc33a8d4cd05c8d498f",
                "sha256:d92a187be61fe482e4fd675b6d52200e7be63a12b724abbf931a40ce4fa92938"
            ],
            "index": "pypi",
            "version": "==0.20.0"
        },
        "rsa": {
            "hashes": [
                "sha256:5c6bd9dc7a543b7fe4304a631f8a8a3b674e2bbfc49c2ae96200cdbe55df6b17",
                "sha256:95c5d300c4e879ee69708c428ba566c59478fd653cc3a22243eeb8ed846950bb"
            ],
            "markers": "python_version >= '3.6' and python_version < '4'",
            "version": "==4.8"
        },
        "telethon": {
            "hashes": [
                "sha256:04fdc5fa4ed3e886e6ecf4bad79205ab8880c6aefbd42c29c89c689a502aa816",
                "sha256:818cb61281ed3f75ba4da9b68cb69486bed9474d2db4e0aa16e482053117452c"
            ],
            "index": "pypi",
            "version": "==1.24.0"
        }
    },
    "develop": {}
}
